
Microsoft Visual Studio Solution File, Format Version 12.00
# Visual Studio 2012
Project("{FAE04EC0-301F-11D3-BF4B-00C04F79EFBC}") = "Combinatorics.PCL", "Combinatorics.PCL\Combinatorics.PCL.csproj", "{FBEB70A8-6BBA-4B14-BBBF-EE1C13D03841}"
EndProject
Project("{2150E333-8FDC-42A3-9474-1A3956D46DE8}") = "Samples", "Samples", "{2FA5D03D-1B39-4C1C-A757-446CD6D8C306}"
EndProject
Project("{FAE04EC0-301F-11D3-BF4B-00C04F79EFBC}") = "TextSumProblemSample", "Samples\TextSumProblemSample\TextSumProblemSample.csproj", "{DA811763-8715-47D0-9EDB-5DBF3B9A581E}"
EndProject
Project("{FAE04EC0-301F-11D3-BF4B-00C04F79EFBC}") = "Combinatorics.WP7", "Combinatorics.WP7\Combinatorics.WP7.csproj", "{8EDD8215-B0EF-4C96-909D-20BDCFEF3DC6}"
EndProject
Project("{FAE04EC0-301F-11D3-BF4B-00C04F79EFBC}") = "Combinatorics.WP8", "Combinatorics.WP8\Combinatorics.WP8.csproj", "{2D680BC8-0A3B-4E74-B940-BA86001F3FB2}"
EndProject
Project("{FAE04EC0-301F-11D3-BF4B-00C04F79EFBC}") = "Combinatorics.SL", "Combinatorics.SL\Combinatorics.SL.csproj", "{963F7F23-05B2-4AC0-BC87-D68DF90C297C}"
EndProject
Global
	GlobalSection(SolutionConfigurationPlatforms) = preSolution
		Debug|Any CPU = Debug|Any CPU
		Debug|ARM = Debug|ARM
		Debug|x86 = Debug|x86
		Release|Any CPU = Release|Any CPU
		Release|ARM = Release|ARM
		Release|x86 = Release|x86
	EndGlobalSection
	GlobalSection(ProjectConfigurationPlatforms) = postSolution
		{FBEB70A8-6BBA-4B14-BBBF-EE1C13D03841}.Debug|Any CPU.ActiveCfg = Debug|Any CPU
		{FBEB70A8-6BBA-4B14-BBBF-EE1C13D03841}.Debug|Any CPU.Build.0 = Debug|Any CPU
		{FBEB70A8-6BBA-4B14-BBBF-EE1C13D03841}.Debug|ARM.ActiveCfg = Debug|Any CPU
		{FBEB70A8-6BBA-4B14-BBBF-EE1C13D03841}.Debug|x86.ActiveCfg = Debug|Any CPU
		{FBEB70A8-6BBA-4B14-BBBF-EE1C13D03841}.Release|Any CPU.ActiveCfg = Release|Any CPU
		{FBEB70A8-6BBA-4B14-BBBF-EE1C13D03841}.Release|Any CPU.Build.0 = Release|Any CPU
		{FBEB70A8-6BBA-4B14-BBBF-EE1C13D03841}.Release|ARM.ActiveCfg = Release|Any CPU
		{FBEB70A8-6BBA-4B14-BBBF-EE1C13D03841}.Release|x86.ActiveCfg = Release|Any CPU
		{DA811763-8715-47D0-9EDB-5DBF3B9A581E}.Debug|Any CPU.ActiveCfg = Debug|Any CPU
		{DA811763-8715-47D0-9EDB-5DBF3B9A581E}.Debug|Any CPU.Build.0 = Debug|Any CPU
		{DA811763-8715-47D0-9EDB-5DBF3B9A581E}.Debug|ARM.ActiveCfg = Debug|Any CPU
		{DA811763-8715-47D0-9EDB-5DBF3B9A581E}.Debug|x86.ActiveCfg = Debug|Any CPU
		{DA811763-8715-47D0-9EDB-5DBF3B9A581E}.Release|Any CPU.ActiveCfg = Release|Any CPU
		{DA811763-8715-47D0-9EDB-5DBF3B9A581E}.Release|Any CPU.Build.0 = Release|Any CPU
		{DA811763-8715-47D0-9EDB-5DBF3B9A581E}.Release|ARM.ActiveCfg = Release|Any CPU
		{DA811763-8715-47D0-9EDB-5DBF3B9A581E}.Release|x86.ActiveCfg = Release|Any CPU
		{8EDD8215-B0EF-4C96-909D-20BDCFEF3DC6}.Debug|Any CPU.ActiveCfg = Debug|Any CPU
		{8EDD8215-B0EF-4C96-909D-20BDCFEF3DC6}.Debug|Any CPU.Build.0 = Debug|Any CPU
		{8EDD8215-B0EF-4C96-909D-20BDCFEF3DC6}.Debug|ARM.ActiveCfg = Debug|Any CPU
		{8EDD8215-B0EF-4C96-909D-20BDCFEF3DC6}.Debug|x86.ActiveCfg = Debug|Any CPU
		{8EDD8215-B0EF-4C96-909D-20BDCFEF3DC6}.Release|Any CPU.ActiveCfg = Release|Any CPU
		{8EDD8215-B0EF-4C96-909D-20BDCFEF3DC6}.Release|Any CPU.Build.0 = Release|Any CPU
		{8EDD8215-B0EF-4C96-909D-20BDCFEF3DC6}.Release|ARM.ActiveCfg = Release|Any CPU
		{8EDD8215-B0EF-4C96-909D-20BDCFEF3DC6}.Release|x86.ActiveCfg = Release|Any CPU
		{2D680BC8-0A3B-4E74-B940-BA86001F3FB2}.Debug|Any CPU.ActiveCfg = Debug|Any CPU
		{2D680BC8-0A3B-4E74-B940-BA86001F3FB2}.Debug|Any CPU.Build.0 = Debug|Any CPU
		{2D680BC8-0A3B-4E74-B940-BA86001F3FB2}.Debug|ARM.ActiveCfg = Debug|ARM
		{2D680BC8-0A3B-4E74-B940-BA86001F3FB2}.Debug|ARM.Build.0 = Debug|ARM
		{2D680BC8-0A3B-4E74-B940-BA86001F3FB2}.Debug|x86.ActiveCfg = Debug|x86
		{2D680BC8-0A3B-4E74-B940-BA86001F3FB2}.Debug|x86.Build.0 = Debug|x86
		{2D680BC8-0A3B-4E74-B940-BA86001F3FB2}.Release|Any CPU.ActiveCfg = Release|Any CPU
		{2D680BC8-0A3B-4E74-B940-BA86001F3FB2}.Release|Any CPU.Build.0 = Release|Any CPU
		{2D680BC8-0A3B-4E74-B940-BA86001F3FB2}.Release|ARM.ActiveCfg = Release|ARM
		{2D680BC8-0A3B-4E74-B940-BA86001F3FB2}.Release|ARM.Build.0 = Release|ARM
		{2D680BC8-0A3B-4E74-B940-BA86001F3FB2}.Release|x86.ActiveCfg = Release|x86
		{2D680BC8-0A3B-4E74-B940-BA86001F3FB2}.Release|x86.Build.0 = Release|x86
		{963F7F23-05B2-4AC0-BC87-D68DF90C297C}.Debug|Any CPU.ActiveCfg = Debug|Any CPU
		{963F7F23-05B2-4AC0-BC87-D68DF90C297C}.Debug|Any CPU.Build.0 = Debug|Any CPU
		{963F7F23-05B2-4AC0-BC87-D68DF90C297C}.Debug|ARM.ActiveCfg = Debug|Any CPU
		{963F7F23-05B2-4AC0-BC87-D68DF90C297C}.Debug|x86.ActiveCfg = Debug|Any CPU
		{963F7F23-05B2-4AC0-BC87-D68DF90C297C}.Release|Any CPU.ActiveCfg = Release|Any CPU
		{963F7F23-05B2-4AC0-BC87-D68DF90C297C}.Release|Any CPU.Build.0 = Release|Any CPU
		{963F7F23-05B2-4AC0-BC87-D68DF90C297C}.Release|ARM.ActiveCfg = Release|Any CPU
		{963F7F23-05B2-4AC0-BC87-D68DF90C297C}.Release|x86.ActiveCfg = Release|Any CPU
	EndGlobalSection
	GlobalSection(SolutionProperties) = preSolution
		HideSolutionNode = FALSE
	EndGlobalSection
	GlobalSection(NestedProjects) = preSolution
		{DA811763-8715-47D0-9EDB-5DBF3B9A581E} = {2FA5D03D-1B39-4C1C-A757-446CD6D8C306}
	EndGlobalSection
EndGlobal
